// !$*UTF8*$!
{
	archiveVersion = 1;
	classes = {
	};
	objectVersion = 48;
	objects = {

/* Begin PBXBuildFile section */
		E0CA7DC1201DC5F5003F5C8D /* Simulator Screen Shot - iPhone 6s - 2018-01-28 at 00.47.37.png in Resources */ = {isa = PBXBuildFile; fileRef = E0CA7DC0201DC5F4003F5C8D /* Simulator Screen Shot - iPhone 6s - 2018-01-28 at 00.47.37.png */; };
		E0CA7DC5201DC60B003F5C8D /* Simulator Screen Shot - iPhone 6s - 2018-01-28 at 00.47.52.png in Resources */ = {isa = PBXBuildFile; fileRef = E0CA7DC4201DC60B003F5C8D /* Simulator Screen Shot - iPhone 6s - 2018-01-28 at 00.47.52.png */; };
		E0E002D2201D630500FB05D3 /* AppDelegate.swift in Sources */ = {isa = PBXBuildFile; fileRef = E0E002D1201D630500FB05D3 /* AppDelegate.swift */; };
		E0E002D4201D630500FB05D3 /* ViewController.swift in Sources */ = {isa = PBXBuildFile; fileRef = E0E002D3201D630500FB05D3 /* ViewController.swift */; };
		E0E002D7201D630500FB05D3 /* Main.storyboard in Resources */ = {isa = PBXBuildFile; fileRef = E0E002D5201D630500FB05D3 /* Main.storyboard */; };
		E0E002D9201D630500FB05D3 /* Assets.xcassets in Resources */ = {isa = PBXBuildFile; fileRef = E0E002D8201D630500FB05D3 /* Assets.xcassets */; };
		E0E002DC201D630500FB05D3 /* LaunchScreen.storyboard in Resources */ = {isa = PBXBuildFile; fileRef = E0E002DA201D630500FB05D3 /* LaunchScreen.storyboard */; };
		E0E002E5201D635500FB05D3 /* Interest.swift in Sources */ = {isa = PBXBuildFile; fileRef = E0E002E4201D635500FB05D3 /* Interest.swift */; };
		E0E002E7201D738800FB05D3 /* InterestCollectionViewCell.swift in Sources */ = {isa = PBXBuildFile; fileRef = E0E002E6201D738800FB05D3 /* InterestCollectionViewCell.swift */; };
/* End PBXBuildFile section */

/* Begin PBXFileReference section */
		E0CA7DC0201DC5F4003F5C8D /* Simulator Screen Shot - iPhone 6s - 2018-01-28 at 00.47.37.png */ = {isa = PBXFileReference; lastKnownFileType = image.png; name = "Simulator Screen Shot - iPhone 6s - 2018-01-28 at 00.47.37.png"; path = "../Simulator Screen Shot - iPhone 6s - 2018-01-28 at 00.47.37.png"; sourceTree = "<group>"; };
		E0CA7DC4201DC60B003F5C8D /* Simulator Screen Shot - iPhone 6s - 2018-01-28 at 00.47.52.png */ = {isa = PBXFileReference; lastKnownFileType = image.png; path = "Simulator Screen Shot - iPhone 6s - 2018-01-28 at 00.47.52.png"; sourceTree = "<group>"; };
		E0CA7DC7201DC623003F5C8D /* Simulator Screen Shot - iPhone 6s - 2018-01-28 at 00.47.37.png */ = {isa = PBXFileReference; lastKnownFileType = image.png; path = "Simulator Screen Shot - iPhone 6s - 2018-01-28 at 00.47.37.png"; sourceTree = "<group>"; };
		E0CA7DC8201DC631003F5C8D /* Simulator Screen Shot - iPhone 6s - 2018-01-28 at 00.47.37.png */ = {isa = PBXFileReference; lastKnownFileType = image.png; name = "Simulator Screen Shot - iPhone 6s - 2018-01-28 at 00.47.37.png"; path = "../../../../Simulator Screen Shot - iPhone 6s - 2018-01-28 at 00.47.37.png"; sourceTree = "<group>"; };
		E0CA7DC9201DC643003F5C8D /* Simulator Screen Shot - iPhone 6s - 2018-01-28 at 00.47.37.png */ = {isa = PBXFileReference; lastKnownFileType = image.png; name = "Simulator Screen Shot - iPhone 6s - 2018-01-28 at 00.47.37.png"; path = "../../../../Simulator Screen Shot - iPhone 6s - 2018-01-28 at 00.47.37.png"; sourceTree = "<group>"; };
		E0E002CE201D630400FB05D3 /* CarouselCollectionView.app */ = {isa = PBXFileReference; explicitFileType = wrapper.application; includeInIndex = 0; path = CarouselCollectionView.app; sourceTree = BUILT_PRODUCTS_DIR; };
		E0E002D1201D630500FB05D3 /* AppDelegate.swift */ = {isa = PBXFileReference; lastKnownFileType = sourcecode.swift; path = AppDelegate.swift; sourceTree = "<group>"; };
		E0E002D3201D630500FB05D3 /* ViewController.swift */ = {isa = PBXFileReference; lastKnownFileType = sourcecode.swift; path = ViewController.swift; sourceTree = "<group>"; };
		E0E002D6201D630500FB05D3 /* Base */ = {isa = PBXFileReference; lastKnownFileType = file.storyboard; name = Base; path = Base.lproj/Main.storyboard; sourceTree = "<group>"; };
		E0E002D8201D630500FB05D3 /* Assets.xcassets */ = {isa = PBXFileReference; lastKnownFileType = folder.assetcatalog; path = Assets.xcassets; sourceTree = "<group>"; };
		E0E002DB201D630500FB05D3 /* Base */ = {isa = PBXFileReference; lastKnownFileType = file.storyboard; name = Base; path = Base.lproj/LaunchScreen.storyboard; sourceTree = "<group>"; };
		E0E002DD201D630500FB05D3 /* Info.plist */ = {isa = PBXFileReference; lastKnownFileType = text.plist.xml; path = Info.plist; sourceTree = "<group>"; };
		E0E002E4201D635500FB05D3 /* Interest.swift */ = {isa = PBXFileReference; lastKnownFileType = sourcecode.swift; path = Interest.swift; sourceTree = "<group>"; };
		E0E002E6201D738800FB05D3 /* InterestCollectionViewCell.swift */ = {isa = PBXFileReference; lastKnownFileType = sourcecode.swift; path = InterestCollectionViewCell.swift; sourceTree = "<group>"; };
/* End PBXFileReference section */

/* Begin PBXFrameworksBuildPhase section */
		E0E002CB201D630400FB05D3 /* Frameworks */ = {
			isa = PBXFrameworksBuildPhase;
			buildActionMask = 2147483647;
			files = (
			);
			runOnlyForDeploymentPostprocessing = 0;
		};
/* End PBXFrameworksBuildPhase section */

/* Begin PBXGroup section */
		E0CA7DC6201DC623003F5C8D /* Snapshots */ = {
			isa = PBXGroup;
			children = (
				E0CA7DC0201DC5F4003F5C8D /* Simulator Screen Shot - iPhone 6s - 2018-01-28 at 00.47.37.png */,
				E0CA7DC7201DC623003F5C8D /* Simulator Screen Shot - iPhone 6s - 2018-01-28 at 00.47.37.png */,
				E0CA7DC8201DC631003F5C8D /* Simulator Screen Shot - iPhone 6s - 2018-01-28 at 00.47.37.png */,
				E0CA7DC9201DC643003F5C8D /* Simulator Screen Shot - iPhone 6s - 2018-01-28 at 00.47.37.png */,
				E0CA7DC4201DC60B003F5C8D /* Simulator Screen Shot - iPhone 6s - 2018-01-28 at 00.47.52.png */,
			);
			path = Snapshots;
			sourceTree = "<group>";
		};
		E0CA7DCA201DC668003F5C8D /* Views */ = {
			isa = PBXGroup;
			children = (
				E0E002D5201D630500FB05D3 /* Main.storyboard */,
				E0E002E6201D738800FB05D3 /* InterestCollectionViewCell.swift */,
			);
			path = Views;
			sourceTree = "<group>";
		};
		E0CA7DCB201DC684003F5C8D /* Controllers */ = {
			isa = PBXGroup;
			children = (
				E0E002D3201D630500FB05D3 /* ViewController.swift */,
			);
			path = Controllers;
			sourceTree = "<group>";
		};
		E0CA7DCC201DC694003F5C8D /* New Group */ = {
			isa = PBXGroup;
			children = (
				E0E002D8201D630500FB05D3 /* Assets.xcassets */,
				E0E002DA201D630500FB05D3 /* LaunchScreen.storyboard */,
				E0E002DD201D630500FB05D3 /* Info.plist */,
			);
			path = "New Group";
			sourceTree = "<group>";
		};
		E0E002C5201D630400FB05D3 = {
			isa = PBXGroup;
			children = (
				E0E002D0201D630400FB05D3 /* CarouselCollectionView */,
				E0E002CF201D630400FB05D3 /* Products */,
			);
			sourceTree = "<group>";
		};
		E0E002CF201D630400FB05D3 /* Products */ = {
			isa = PBXGroup;
			children = (
				E0E002CE201D630400FB05D3 /* CarouselCollectionView.app */,
			);
			name = Products;
			sourceTree = "<group>";
		};
		E0E002D0201D630400FB05D3 /* CarouselCollectionView */ = {
			isa = PBXGroup;
			children = (
				E0E002E3201D631300FB05D3 /* Model */,
				E0E002D1201D630500FB05D3 /* AppDelegate.swift */,
				E0CA7DC6201DC623003F5C8D /* Snapshots */,
				E0CA7DCB201DC684003F5C8D /* Controllers */,
				E0CA7DCA201DC668003F5C8D /* Views */,
				E0CA7DCC201DC694003F5C8D /* New Group */,
			);
			path = CarouselCollectionView;
			sourceTree = "<group>";
		};
		E0E002E3201D631300FB05D3 /* Model */ = {
			isa = PBXGroup;
			children = (
				E0E002E4201D635500FB05D3 /* Interest.swift */,
			);
			path = Model;
			sourceTree = "<group>";
		};
/* End PBXGroup section */

/* Begin PBXNativeTarget section */
		E0E002CD201D630400FB05D3 /* CarouselCollectionView */ = {
			isa = PBXNativeTarget;
			buildConfigurationList = E0E002E0201D630500FB05D3 /* Build configuration list for PBXNativeTarget "CarouselCollectionView" */;
			buildPhases = (
				E0E002CA201D630400FB05D3 /* Sources */,
				E0E002CB201D630400FB05D3 /* Frameworks */,
				E0E002CC201D630400FB05D3 /* Resources */,
			);
			buildRules = (
			);
			dependencies = (
			);
			name = CarouselCollectionView;
			productName = CarouselCollectionView;
			productReference = E0E002CE201D630400FB05D3 /* CarouselCollectionView.app */;
			productType = "com.apple.product-type.application";
		};
/* End PBXNativeTarget section */

/* Begin PBXProject section */
		E0E002C6201D630400FB05D3 /* Project object */ = {
			isa = PBXProject;
			attributes = {
				LastSwiftUpdateCheck = 0920;
				LastUpgradeCheck = 0920;
				ORGANIZATIONNAME = andiosdev;
				TargetAttributes = {
					E0E002CD201D630400FB05D3 = {
						CreatedOnToolsVersion = 9.2;
						ProvisioningStyle = Automatic;
					};
				};
			};
			buildConfigurationList = E0E002C9201D630400FB05D3 /* Build configuration list for PBXProject "CarouselCollectionView" */;
			compatibilityVersion = "Xcode 8.0";
			developmentRegion = en;
			hasScannedForEncodings = 0;
			knownRegions = (
				en,
				Base,
			);
			mainGroup = E0E002C5201D630400FB05D3;
			productRefGroup = E0E002CF201D630400FB05D3 /* Products */;
			projectDirPath = "";
			projectRoot = "";
			targets = (
				E0E002CD201D630400FB05D3 /* CarouselCollectionView */,
			);
		};
/* End PBXProject section */

/* Begin PBXResourcesBuildPhase section */
		E0E002CC201D630400FB05D3 /* Resources */ = {
			isa = PBXResourcesBuildPhase;
			buildActionMask = 2147483647;
			files = (
				E0CA7DC5201DC60B003F5C8D /* Simulator Screen Shot - iPhone 6s - 2018-01-28 at 00.47.52.png in Resources */,
				E0E002DC201D630500FB05D3 /* LaunchScreen.storyboard in Resources */,
				E0E002D9201D630500FB05D3 /* Assets.xcassets in Resources */,
				E0E002D7201D630500FB05D3 /* Main.storyboard in Resources */,
				E0CA7DC1201DC5F5003F5C8D /* Simulator Screen Shot - iPhone 6s - 2018-01-28 at 00.47.37.png in Resources */,
			);
			runOnlyForDeploymentPostprocessing = 0;
		};
/* End PBXResourcesBuildPhase section */

/* Begin PBXSourcesBuildPhase section */
		E0E002CA201D630400FB05D3 /* Sources */ = {
			isa = PBXSourcesBuildPhase;
			buildActionMask = 2147483647;
			files = (
				E0E002E7201D738800FB05D3 /* InterestCollectionViewCell.swift in Sources */,
				E0E002E5201D635500FB05D3 /* Interest.swift in Sources */,
				E0E002D4201D630500FB05D3 /* ViewController.swift in Sources */,
				E0E002D2201D630500FB05D3 /* AppDelegate.swift in Sources */,
			);
			runOnlyForDeploymentPostprocessing = 0;
		};
/* End PBXSourcesBuildPhase section */

/* Begin PBXVariantGroup section */
		E0E002D5201D630500FB05D3 /* Main.storyboard */ = {
			isa = PBXVariantGroup;
			children = (
				E0E002D6201D630500FB05D3 /* Base */,
			);
			name = Main.storyboard;
			sourceTree = "<group>";
		};
		E0E002DA201D630500FB05D3 /* LaunchScreen.storyboard */ = {
			isa = PBXVariantGroup;
			children = (
				E0E002DB201D630500FB05D3 /* Base */,
			);
			name = LaunchScreen.storyboard;
			sourceTree = "<group>";
		};
/* End PBXVariantGroup section */

/* Begin XCBuildConfiguration section */
		E0E002DE201D630500FB05D3 /* Debug */ = {
			isa = XCBuildConfiguration;
			buildSettings = {
				ALWAYS_SEARCH_USER_PATHS = NO;
				CLANG_ANALYZER_NONNULL = YES;
				CLANG_ANALYZER_NUMBER_OBJECT_CONVERSION = YES_AGGRESSIVE;
				CLANG_CXX_LANGUAGE_STANDARD = "gnu++14";
				CLANG_CXX_LIBRARY = "libc++";
				CLANG_ENABLE_MODULES = YES;
				CLANG_ENABLE_OBJC_ARC = YES;
				CLANG_WARN_BLOCK_CAPTURE_AUTORELEASING = YES;
				CLANG_WARN_BOOL_CONVERSION = YES;
				CLANG_WARN_COMMA = YES;
				CLANG_WARN_CONSTANT_CONVERSION = YES;
				CLANG_WARN_DIRECT_OBJC_ISA_USAGE = YES_ERROR;
				CLANG_WARN_DOCUMENTATION_COMMENTS = YES;
				CLANG_WARN_EMPTY_BODY = YES;
				CLANG_WARN_ENUM_CONVERSION = YES;
				CLANG_WARN_INFINITE_RECURSION = YES;
				CLANG_WARN_INT_CONVERSION = YES;
				CLANG_WARN_NON_LITERAL_NULL_CONVERSION = YES;
				CLANG_WARN_OBJC_LITERAL_CONVERSION = YES;
				CLANG_WARN_OBJC_ROOT_CLASS = YES_ERROR;
				CLANG_WARN_RANGE_LOOP_ANALYSIS = YES;
				CLANG_WARN_STRICT_PROTOTYPES = YES;
				CLANG_WARN_SUSPICIOUS_MOVE = YES;
				CLANG_WARN_UNGUARDED_AVAILABILITY = YES_AGGRESSIVE;
				CLANG_WARN_UNREACHABLE_CODE = YES;
				CLANG_WARN__DUPLICATE_METHOD_MATCH = YES;
				CODE_SIGN_IDENTITY = "iPhone Developer";
				COPY_PHASE_STRIP = NO;
				DEBUG_INFORMATION_FORMAT = dwarf;
				ENABLE_STRICT_OBJC_MSGSEND = YES;
				ENABLE_TESTABILITY = YES;
				GCC_C_LANGUAGE_STANDARD = gnu11;
				GCC_DYNAMIC_NO_PIC = NO;
				GCC_NO_COMMON_BLOCKS = YES;
				GCC_OPTIMIZATION_LEVEL = 0;
				GCC_PREPROCESSOR_DEFINITIONS = (
					"DEBUG=1",
					"$(inherited)",
				);
				GCC_WARN_64_TO_32_BIT_CONVERSION = YES;
				GCC_WARN_ABOUT_RETURN_TYPE = YES_ERROR;
				GCC_WARN_UNDECLARED_SELECTOR = YES;
				GCC_WARN_UNINITIALIZED_AUTOS = YES_AGGRESSIVE;
				GCC_WARN_UNUSED_FUNCTION = YES;
				GCC_WARN_UNUSED_VARIABLE = YES;
				IPHONEOS_DEPLOYMENT_TARGET = 11.2;
				MTL_ENABLE_DEBUG_INFO = YES;
				ONLY_ACTIVE_ARCH = YES;
				SDKROOT = iphoneos;
				SWIFT_ACTIVE_COMPILATION_CONDITIONS = DEBUG;
				SWIFT_OPTIMIZATION_LEVEL = "-Onone";
			};
			name = Debug;
		};
		E0E002DF201D630500FB05D3 /* Release */ = {
			isa = XCBuildConfiguration;
			buildSettings = {
				ALWAYS_SEARCH_USER_PATHS = NO;
				CLANG_ANALYZER_NONNULL = YES;
				CLANG_ANALYZER_NUMBER_OBJECT_CONVERSION = YES_AGGRESSIVE;
				CLANG_CXX_LANGUAGE_STANDARD = "gnu++14";
				CLANG_CXX_LIBRARY = "libc++";
				CLANG_ENABLE_MODULES = YES;
				CLANG_ENABLE_OBJC_ARC = YES;
				CLANG_WARN_BLOCK_CAPTURE_AUTORELEASING = YES;
				CLANG_WARN_BOOL_CONVERSION = YES;
				CLANG_WARN_COMMA = YES;
				CLANG_WARN_CONSTANT_CONVERSION = YES;
				CLANG_WARN_DIRECT_OBJC_ISA_USAGE = YES_ERROR;
				CLANG_WARN_DOCUMENTATION_COMMENTS = YES;
				CLANG_WARN_EMPTY_BODY = YES;
				CLANG_WARN_ENUM_CONVERSION = YES;
				CLANG_WARN_INFINITE_RECURSION = YES;
				CLANG_WARN_INT_CONVERSION = YES;
				CLANG_WARN_NON_LITERAL_NULL_CONVERSION = YES;
				CLANG_WARN_OBJC_LITERAL_CONVERSION = YES;
				CLANG_WARN_OBJC_ROOT_CLASS = YES_ERROR;
				CLANG_WARN_RANGE_LOOP_ANALYSIS = YES;
				CLANG_WARN_STRICT_PROTOTYPES = YES;
				CLANG_WARN_SUSPICIOUS_MOVE = YES;
				CLANG_WARN_UNGUARDED_AVAILABILITY = YES_AGGRESSIVE;
				CLANG_WARN_UNREACHABLE_CODE = YES;
				CLANG_WARN__DUPLICATE_METHOD_MATCH = YES;
				CODE_SIGN_IDENTITY = "iPhone Developer";
				COPY_PHASE_STRIP = NO;
				DEBUG_INFORMATION_FORMAT = "dwarf-with-dsym";
				ENABLE_NS_ASSERTIONS = NO;
				ENABLE_STRICT_OBJC_MSGSEND = YES;
				GCC_C_LANGUAGE_STANDARD = gnu11;
				GCC_NO_COMMON_BLOCKS = YES;
				GCC_WARN_64_TO_32_BIT_CONVERSION = YES;
				GCC_WARN_ABOUT_RETURN_TYPE = YES_ERROR;
				GCC_WARN_UNDECLARED_SELECTOR = YES;
				GCC_WARN_UNINITIALIZED_AUTOS = YES_AGGRESSIVE;
				GCC_WARN_UNUSED_FUNCTION = YES;
				GCC_WARN_UNUSED_VARIABLE = YES;
				IPHONEOS_DEPLOYMENT_TARGET = 11.2;
				MTL_ENABLE_DEBUG_INFO = NO;
				SDKROOT = iphoneos;
				SWIFT_OPTIMIZATION_LEVEL = "-Owholemodule";
				VALIDATE_PRODUCT = YES;
			};
			name = Release;
		};
		E0E002E1201D630500FB05D3 /* Debug */ = {
			isa = XCBuildConfiguration;
			buildSettings = {
				ASSETCATALOG_COMPILER_APPICON_NAME = AppIcon;
				CODE_SIGN_STYLE = Automatic;
				INFOPLIST_FILE = CarouselCollectionView/Info.plist;
				LD_RUNPATH_SEARCH_PATHS = "$(inherited) @executable_path/Frameworks";
				PRODUCT_BUNDLE_IDENTIFIER = com.hpIos.CarouselCollectionView;
				PRODUCT_NAME = "$(TARGET_NAME)";
				SWIFT_VERSION = 4.0;
				TARGETED_DEVICE_FAMILY = "1,2";
			};
			name = Debug;
		};
		E0E002E2201D630500FB05D3 /* Release */ = {
			isa = XCBuildConfiguration;
			buildSettings = {
				ASSETCATALOG_COMPILER_APPICON_NAME = AppIcon;
				CODE_SIGN_STYLE = Automatic;
				INFOPLIST_FILE = CarouselCollectionView/Info.plist;
				LD_RUNPATH_SEARCH_PATHS = "$(inherited) @executable_path/Frameworks";
				PRODUCT_BUNDLE_IDENTIFIER = com.hpIos.CarouselCollectionView;
				PRODUCT_NAME = "$(TARGET_NAME)";
				SWIFT_VERSION = 4.0;
				TARGETED_DEVICE_FAMILY = "1,2";
			};
			name = Release;
		};
/* End XCBuildConfiguration section */

/* Begin XCConfigurationList section */
		E0E002C9201D630400FB05D3 /* Build configuration list for PBXProject "CarouselCollectionView" */ = {
			isa = XCConfigurationList;
			buildConfigurations = (
				E0E002DE201D630500FB05D3 /* Debug */,
				E0E002DF201D630500FB05D3 /* Release */,
			);
			defaultConfigurationIsVisible = 0;
			defaultConfigurationName = Release;
		};
		E0E002E0201D630500FB05D3 /* Build configuration list for PBXNativeTarget "CarouselCollectionView" */ = {
			isa = XCConfigurationList;
			buildConfigurations = (
				E0E002E1201D630500FB05D3 /* Debug */,
				E0E002E2201D630500FB05D3 /* Release */,
			);
			defaultConfigurationIsVisible = 0;
			defaultConfigurationName = Release;
		};
/* End XCConfigurationList section */
	};
	rootObject = E0E002C6201D630400FB05D3 /* Project object */;
}
